
Microsoft Visual Studio Solution File, Format Version 12.00
# Visual Studio 2012
Project("{FAE04EC0-301F-11D3-BF4B-00C04F79EFBC}") = "Homework5", "Homework5\Homework5.csproj", "{76EE79E2-2081-482A-B2CE-DBD6A5971F45}"
EndProject
Project("{FAE04EC0-301F-11D3-BF4B-00C04F79EFBC}") = "Homework5.App", "Homework5.App\Homework5.App.csproj", "{557999BA-1FBD-4655-B5D8-C7BC4CD6A959}"
EndProject
Project("{FAE04EC0-301F-11D3-BF4B-00C04F79EFBC}") = "Homework5.DataLayer", "Homework5.DataLayer\Homework5.DataLayer.csproj", "{1B8B1054-7116-469E-8C09-73CE00D048BA}"
EndProject
Global
	GlobalSection(SolutionConfigurationPlatforms) = preSolution
		Debug|Any CPU = Debug|Any CPU
		Release|Any CPU = Release|Any CPU
	EndGlobalSection
	GlobalSection(ProjectConfigurationPlatforms) = postSolution
		{76EE79E2-2081-482A-B2CE-DBD6A5971F45}.Debug|Any CPU.ActiveCfg = Debug|Any CPU
		{76EE79E2-2081-482A-B2CE-DBD6A5971F45}.Debug|Any CPU.Build.0 = Debug|Any CPU
		{76EE79E2-2081-482A-B2CE-DBD6A5971F45}.Release|Any CPU.ActiveCfg = Release|Any CPU
		{76EE79E2-2081-482A-B2CE-DBD6A5971F45}.Release|Any CPU.Build.0 = Release|Any CPU
		{557999BA-1FBD-4655-B5D8-C7BC4CD6A959}.Debug|Any CPU.ActiveCfg = Debug|Any CPU
		{557999BA-1FBD-4655-B5D8-C7BC4CD6A959}.Debug|Any CPU.Build.0 = Debug|Any CPU
		{557999BA-1FBD-4655-B5D8-C7BC4CD6A959}.Release|Any CPU.ActiveCfg = Release|Any CPU
		{557999BA-1FBD-4655-B5D8-C7BC4CD6A959}.Release|Any CPU.Build.0 = Release|Any CPU
		{1B8B1054-7116-469E-8C09-73CE00D048BA}.Debug|Any CPU.ActiveCfg = Debug|Any CPU
		{1B8B1054-7116-469E-8C09-73CE00D048BA}.Debug|Any CPU.Build.0 = Debug|Any CPU
		{1B8B1054-7116-469E-8C09-73CE00D048BA}.Release|Any CPU.ActiveCfg = Release|Any CPU
		{1B8B1054-7116-469E-8C09-73CE00D048BA}.Release|Any CPU.Build.0 = Release|Any CPU
	EndGlobalSection
	GlobalSection(SolutionProperties) = preSolution
		HideSolutionNode = FALSE
	EndGlobalSection
EndGlobal
